
Microsoft Visual Studio Solution File, Format Version 12.00
# Visual Studio 2013
VisualStudioVersion = 12.0.31101.0
MinimumVisualStudioVersion = 10.0.40219.1
Project("{FAE04EC0-301F-11D3-BF4B-00C04F79EFBC}") = "SimpleWebLogger", "SimpleWebLogger\SimpleWebLogger.csproj", "{AA167BD9-2D35-4C58-AE83-4675EE151513}"
EndProject
Global
	GlobalSection(SolutionConfigurationPlatforms) = preSolution
		Debug|Any CPU = Debug|Any CPU
		Release|Any CPU = Release|Any CPU
	EndGlobalSection
	GlobalSection(ProjectConfigurationPlatforms) = postSolution
		{AA167BD9-2D35-4C58-AE83-4675EE151513}.Debug|Any CPU.ActiveCfg = Debug|Any CPU
		{AA167BD9-2D35-4C58-AE83-4675EE151513}.Debug|Any CPU.Build.0 = Debug|Any CPU
		{AA167BD9-2D35-4C58-AE83-4675EE151513}.Release|Any CPU.ActiveCfg = Release|Any CPU
		{AA167BD9-2D35-4C58-AE83-4675EE151513}.Release|Any CPU.Build.0 = Release|Any CPU
	EndGlobalSection
	GlobalSection(SolutionProperties) = preSolution
		HideSolutionNode = FALSE
	EndGlobalSection
EndGlobal
